Microsoft Visual Studio Solution File, Format Version 11.00
# Visual Studio 2008

Project("{C83FDEA4-B599-5942-5214-B83646E0433D}") = "pinch_example", "Assembly-CSharp.csproj", "{808DD972-B2DB-A33C-D845-E491EF0656E8}"
EndProject
Project("{C83FDEA4-B599-5942-5214-B83646E0433D}") = "pinch_example", "Assembly-CSharp-Editor.csproj", "{199A12B1-D370-2EA5-2170-FBC6937B1C8D}"
EndProject
Global
	GlobalSection(SolutionConfigurationPlatforms) = preSolution
		Debug|Any CPU = Debug|Any CPU
		Release|Any CPU = Release|Any CPU
	EndGlobalSection
	GlobalSection(ProjectConfigurationPlatforms) = postSolution
		{808DD972-B2DB-A33C-D845-E491EF0656E8}.Debug|Any CPU.ActiveCfg = Debug|Any CPU
		{808DD972-B2DB-A33C-D845-E491EF0656E8}.Debug|Any CPU.Build.0 = Debug|Any CPU
		{808DD972-B2DB-A33C-D845-E491EF0656E8}.Release|Any CPU.ActiveCfg = Release|Any CPU
		{808DD972-B2DB-A33C-D845-E491EF0656E8}.Release|Any CPU.Build.0 = Release|Any CPU
		{199A12B1-D370-2EA5-2170-FBC6937B1C8D}.Debug|Any CPU.ActiveCfg = Debug|Any CPU
		{199A12B1-D370-2EA5-2170-FBC6937B1C8D}.Debug|Any CPU.Build.0 = Debug|Any CPU
		{199A12B1-D370-2EA5-2170-FBC6937B1C8D}.Release|Any CPU.ActiveCfg = Release|Any CPU
		{199A12B1-D370-2EA5-2170-FBC6937B1C8D}.Release|Any CPU.Build.0 = Release|Any CPU
	EndGlobalSection
	GlobalSection(SolutionProperties) = preSolution
		HideSolutionNode = FALSE
	EndGlobalSection
	GlobalSection(MonoDevelopProperties) = preSolution
		StartupItem = Assembly-CSharp.csproj
	EndGlobalSection
EndGlobal
